
Microsoft Visual Studio Solution File, Format Version 12.00
# Visual Studio Version 17
VisualStudioVersion = 17.7.34031.279
MinimumVisualStudioVersion = 10.0.40219.1
Project("{9A19103F-16F7-4668-BE54-9A1E7A4F7556}") = "ExamAlgorithmsFund", "ExamAlgorithmsFund\ExamAlgorithmsFund.csproj", "{22AE841C-63A9-4EDE-AB88-D91329023C49}"
EndProject
Project("{9A19103F-16F7-4668-BE54-9A1E7A4F7556}") = "Chainalysis", "Chainalysis\Chainalysis.csproj", "{81715C68-C3C1-4057-B195-574423FF4D94}"
EndProject
Project("{FAE04EC0-301F-11D3-BF4B-00C04F79EFBC}") = "BitcoinTransactions", "BitcoinTransactions\BitcoinTransactions.csproj", "{27C8D840-F7D8-4EE8-B6C6-3DBA2F2093B5}"
EndProject
Global
	GlobalSection(SolutionConfigurationPlatforms) = preSolution
		Debug|Any CPU = Debug|Any CPU
		Release|Any CPU = Release|Any CPU
	EndGlobalSection
	GlobalSection(ProjectConfigurationPlatforms) = postSolution
		{22AE841C-63A9-4EDE-AB88-D91329023C49}.Debug|Any CPU.ActiveCfg = Debug|Any CPU
		{22AE841C-63A9-4EDE-AB88-D91329023C49}.Debug|Any CPU.Build.0 = Debug|Any CPU
		{22AE841C-63A9-4EDE-AB88-D91329023C49}.Release|Any CPU.ActiveCfg = Release|Any CPU
		{22AE841C-63A9-4EDE-AB88-D91329023C49}.Release|Any CPU.Build.0 = Release|Any CPU
		{81715C68-C3C1-4057-B195-574423FF4D94}.Debug|Any CPU.ActiveCfg = Debug|Any CPU
		{81715C68-C3C1-4057-B195-574423FF4D94}.Debug|Any CPU.Build.0 = Debug|Any CPU
		{81715C68-C3C1-4057-B195-574423FF4D94}.Release|Any CPU.ActiveCfg = Release|Any CPU
		{81715C68-C3C1-4057-B195-574423FF4D94}.Release|Any CPU.Build.0 = Release|Any CPU
		{27C8D840-F7D8-4EE8-B6C6-3DBA2F2093B5}.Debug|Any CPU.ActiveCfg = Debug|Any CPU
		{27C8D840-F7D8-4EE8-B6C6-3DBA2F2093B5}.Debug|Any CPU.Build.0 = Debug|Any CPU
		{27C8D840-F7D8-4EE8-B6C6-3DBA2F2093B5}.Release|Any CPU.ActiveCfg = Release|Any CPU
		{27C8D840-F7D8-4EE8-B6C6-3DBA2F2093B5}.Release|Any CPU.Build.0 = Release|Any CPU
	EndGlobalSection
	GlobalSection(SolutionProperties) = preSolution
		HideSolutionNode = FALSE
	EndGlobalSection
	GlobalSection(ExtensibilityGlobals) = postSolution
		SolutionGuid = {CD538BEC-0834-46BE-BE86-499189EBDFE3}
	EndGlobalSection
EndGlobal
